
Microsoft Visual Studio Solution File, Format Version 12.00
# Visual Studio 15
VisualStudioVersion = 15.0.27428.2011
MinimumVisualStudioVersion = 10.0.40219.1
Project("{FAE04EC0-301F-11D3-BF4B-00C04F79EFBC}") = "DESFIRE", "DESFIRE_Unlock\DESFIRE.csproj", "{FE195EFB-B1A2-483A-88B0-2087EDD4F561}"
EndProject
Project("{8BC9CEB8-8B4A-11D0-8D11-00A0C91BC942}") = "DESFIRE_UNLOCK", "Library\DESFIRE_UNLOCK.vcxproj", "{F1354A7E-1F1F-4E54-98CE-5F58CE0B10BF}"
EndProject
Global
	GlobalSection(SolutionConfigurationPlatforms) = preSolution
		Debug|Any CPU = Debug|Any CPU
		Debug|x64 = Debug|x64
		Debug|x86 = Debug|x86
		Release|Any CPU = Release|Any CPU
		Release|x64 = Release|x64
		Release|x86 = Release|x86
	EndGlobalSection
	GlobalSection(ProjectConfigurationPlatforms) = postSolution
		{FE195EFB-B1A2-483A-88B0-2087EDD4F561}.Debug|Any CPU.ActiveCfg = Debug|Any CPU
		{FE195EFB-B1A2-483A-88B0-2087EDD4F561}.Debug|Any CPU.Build.0 = Debug|Any CPU
		{FE195EFB-B1A2-483A-88B0-2087EDD4F561}.Debug|x64.ActiveCfg = Debug|x64
		{FE195EFB-B1A2-483A-88B0-2087EDD4F561}.Debug|x64.Build.0 = Debug|x64
		{FE195EFB-B1A2-483A-88B0-2087EDD4F561}.Debug|x86.ActiveCfg = Debug|Any CPU
		{FE195EFB-B1A2-483A-88B0-2087EDD4F561}.Debug|x86.Build.0 = Debug|Any CPU
		{FE195EFB-B1A2-483A-88B0-2087EDD4F561}.Release|Any CPU.ActiveCfg = Release|Any CPU
		{FE195EFB-B1A2-483A-88B0-2087EDD4F561}.Release|Any CPU.Build.0 = Release|Any CPU
		{FE195EFB-B1A2-483A-88B0-2087EDD4F561}.Release|x64.ActiveCfg = Debug|x64
		{FE195EFB-B1A2-483A-88B0-2087EDD4F561}.Release|x64.Build.0 = Debug|x64
		{FE195EFB-B1A2-483A-88B0-2087EDD4F561}.Release|x86.ActiveCfg = Release|Any CPU
		{FE195EFB-B1A2-483A-88B0-2087EDD4F561}.Release|x86.Build.0 = Release|Any CPU
		{F1354A7E-1F1F-4E54-98CE-5F58CE0B10BF}.Debug|Any CPU.ActiveCfg = Debug|Win32
		{F1354A7E-1F1F-4E54-98CE-5F58CE0B10BF}.Debug|x64.ActiveCfg = Debug|x64
		{F1354A7E-1F1F-4E54-98CE-5F58CE0B10BF}.Debug|x64.Build.0 = Debug|x64
		{F1354A7E-1F1F-4E54-98CE-5F58CE0B10BF}.Debug|x86.ActiveCfg = Debug|Win32
		{F1354A7E-1F1F-4E54-98CE-5F58CE0B10BF}.Debug|x86.Build.0 = Debug|Win32
		{F1354A7E-1F1F-4E54-98CE-5F58CE0B10BF}.Release|Any CPU.ActiveCfg = Release|Win32
		{F1354A7E-1F1F-4E54-98CE-5F58CE0B10BF}.Release|x64.ActiveCfg = Release|x64
		{F1354A7E-1F1F-4E54-98CE-5F58CE0B10BF}.Release|x64.Build.0 = Release|x64
		{F1354A7E-1F1F-4E54-98CE-5F58CE0B10BF}.Release|x86.ActiveCfg = Release|Win32
		{F1354A7E-1F1F-4E54-98CE-5F58CE0B10BF}.Release|x86.Build.0 = Release|Win32
	EndGlobalSection
	GlobalSection(SolutionProperties) = preSolution
		HideSolutionNode = FALSE
	EndGlobalSection
	GlobalSection(ExtensibilityGlobals) = postSolution
		SolutionGuid = {21E0A3FD-3F4A-470D-931A-3A5A1F145839}
	EndGlobalSection
EndGlobal
